
Microsoft Visual Studio Solution File, Format Version 12.00
# Visual Studio Version 17
VisualStudioVersion = 17.9.34728.123
MinimumVisualStudioVersion = 10.0.40219.1
Project("{9A19103F-16F7-4668-BE54-9A1E7A4F7556}") = "AdvancedSimulationSpeed", "AdvancedSimulationSpeed\AdvancedSimulationSpeed.csproj", "{41528723-3D05-441D-8B28-1B4F5E80F3F6}"
EndProject
Project("{54A90642-561A-4BB1-A94E-469ADEE60C69}") = "UI", "UI\UI.esproj", "{FA4DE9FA-330B-4688-9BD5-079039D3B0A0}"
EndProject
Project("{2150E333-8FDC-42A3-9474-1A3956D46DE8}") = "files", "files", "{C709A82A-7E65-4112-9C66-0B1086F92F8F}"
	ProjectSection(SolutionItems) = preProject
		CHANGELOG.md = CHANGELOG.md
		LICENSE = LICENSE
		README.md = README.md
	EndProjectSection
EndProject
Global
	GlobalSection(SolutionConfigurationPlatforms) = preSolution
		Debug|Any CPU = Debug|Any CPU
		Release|Any CPU = Release|Any CPU
	EndGlobalSection
	GlobalSection(ProjectConfigurationPlatforms) = postSolution
		{41528723-3D05-441D-8B28-1B4F5E80F3F6}.Debug|Any CPU.ActiveCfg = Debug|Any CPU
		{41528723-3D05-441D-8B28-1B4F5E80F3F6}.Debug|Any CPU.Build.0 = Debug|Any CPU
		{41528723-3D05-441D-8B28-1B4F5E80F3F6}.Release|Any CPU.ActiveCfg = Release|Any CPU
		{41528723-3D05-441D-8B28-1B4F5E80F3F6}.Release|Any CPU.Build.0 = Release|Any CPU
		{FA4DE9FA-330B-4688-9BD5-079039D3B0A0}.Debug|Any CPU.ActiveCfg = Debug|Any CPU
		{FA4DE9FA-330B-4688-9BD5-079039D3B0A0}.Debug|Any CPU.Build.0 = Debug|Any CPU
		{FA4DE9FA-330B-4688-9BD5-079039D3B0A0}.Debug|Any CPU.Deploy.0 = Debug|Any CPU
		{FA4DE9FA-330B-4688-9BD5-079039D3B0A0}.Release|Any CPU.ActiveCfg = Release|Any CPU
		{FA4DE9FA-330B-4688-9BD5-079039D3B0A0}.Release|Any CPU.Build.0 = Release|Any CPU
		{FA4DE9FA-330B-4688-9BD5-079039D3B0A0}.Release|Any CPU.Deploy.0 = Release|Any CPU
	EndGlobalSection
	GlobalSection(SolutionProperties) = preSolution
		HideSolutionNode = FALSE
	EndGlobalSection
	GlobalSection(ExtensibilityGlobals) = postSolution
		SolutionGuid = {1F811BFC-CCAE-4D2D-907D-EF259FFD4098}
	EndGlobalSection
EndGlobal
